
Microsoft Visual Studio Solution File, Format Version 12.00
# Visual Studio 15
VisualStudioVersion = 15.0.27130.2003
MinimumVisualStudioVersion = 10.0.40219.1
Project("{FAE04EC0-301F-11D3-BF4B-00C04F79EFBC}") = "Inventory", "RolePlayRules\Inventory.csproj", "{A7350CB2-CF56-46A0-B910-64808EE2A562}"
EndProject
Project("{FAE04EC0-301F-11D3-BF4B-00C04F79EFBC}") = "RolePlay", "RolePlay\RolePlay.csproj", "{4884EDC6-8D3E-4239-B7DA-B2A519E8AC00}"
EndProject
Project("{9A19103F-16F7-4668-BE54-9A1E7A4F7556}") = "RolePlayCore", "RolePlayCore\RolePlayCore.csproj", "{13AED5DD-9E61-43EC-9E89-155C4FA47408}"
EndProject
Project("{9A19103F-16F7-4668-BE54-9A1E7A4F7556}") = "GamePieces", "Character\GamePieces.csproj", "{829E86B2-F0F2-498D-BD43-D3E18046011F}"
EndProject
Project("{FAE04EC0-301F-11D3-BF4B-00C04F79EFBC}") = "Combat", "Combat\Combat.csproj", "{648D6703-ADE9-4B00-90BD-5E77365769FD}"
EndProject
Project("{FAE04EC0-301F-11D3-BF4B-00C04F79EFBC}") = "DomainCore", "DomainCore\DomainCore.csproj", "{C40ED68A-C42B-45EF-8B29-3E2E73DBFA96}"
EndProject
Global
	GlobalSection(SolutionConfigurationPlatforms) = preSolution
		Debug|Any CPU = Debug|Any CPU
		Release|Any CPU = Release|Any CPU
	EndGlobalSection
	GlobalSection(ProjectConfigurationPlatforms) = postSolution
		{A7350CB2-CF56-46A0-B910-64808EE2A562}.Debug|Any CPU.ActiveCfg = Debug|Any CPU
		{A7350CB2-CF56-46A0-B910-64808EE2A562}.Debug|Any CPU.Build.0 = Debug|Any CPU
		{A7350CB2-CF56-46A0-B910-64808EE2A562}.Release|Any CPU.ActiveCfg = Release|Any CPU
		{A7350CB2-CF56-46A0-B910-64808EE2A562}.Release|Any CPU.Build.0 = Release|Any CPU
		{4884EDC6-8D3E-4239-B7DA-B2A519E8AC00}.Debug|Any CPU.ActiveCfg = Debug|Any CPU
		{4884EDC6-8D3E-4239-B7DA-B2A519E8AC00}.Debug|Any CPU.Build.0 = Debug|Any CPU
		{4884EDC6-8D3E-4239-B7DA-B2A519E8AC00}.Release|Any CPU.ActiveCfg = Release|Any CPU
		{4884EDC6-8D3E-4239-B7DA-B2A519E8AC00}.Release|Any CPU.Build.0 = Release|Any CPU
		{13AED5DD-9E61-43EC-9E89-155C4FA47408}.Debug|Any CPU.ActiveCfg = Debug|Any CPU
		{13AED5DD-9E61-43EC-9E89-155C4FA47408}.Debug|Any CPU.Build.0 = Debug|Any CPU
		{13AED5DD-9E61-43EC-9E89-155C4FA47408}.Release|Any CPU.ActiveCfg = Release|Any CPU
		{13AED5DD-9E61-43EC-9E89-155C4FA47408}.Release|Any CPU.Build.0 = Release|Any CPU
		{829E86B2-F0F2-498D-BD43-D3E18046011F}.Debug|Any CPU.ActiveCfg = Debug|Any CPU
		{829E86B2-F0F2-498D-BD43-D3E18046011F}.Debug|Any CPU.Build.0 = Debug|Any CPU
		{829E86B2-F0F2-498D-BD43-D3E18046011F}.Release|Any CPU.ActiveCfg = Release|Any CPU
		{829E86B2-F0F2-498D-BD43-D3E18046011F}.Release|Any CPU.Build.0 = Release|Any CPU
		{648D6703-ADE9-4B00-90BD-5E77365769FD}.Debug|Any CPU.ActiveCfg = Debug|Any CPU
		{648D6703-ADE9-4B00-90BD-5E77365769FD}.Debug|Any CPU.Build.0 = Debug|Any CPU
		{648D6703-ADE9-4B00-90BD-5E77365769FD}.Release|Any CPU.ActiveCfg = Release|Any CPU
		{648D6703-ADE9-4B00-90BD-5E77365769FD}.Release|Any CPU.Build.0 = Release|Any CPU
		{C40ED68A-C42B-45EF-8B29-3E2E73DBFA96}.Debug|Any CPU.ActiveCfg = Debug|Any CPU
		{C40ED68A-C42B-45EF-8B29-3E2E73DBFA96}.Debug|Any CPU.Build.0 = Debug|Any CPU
		{C40ED68A-C42B-45EF-8B29-3E2E73DBFA96}.Release|Any CPU.ActiveCfg = Release|Any CPU
		{C40ED68A-C42B-45EF-8B29-3E2E73DBFA96}.Release|Any CPU.Build.0 = Release|Any CPU
	EndGlobalSection
	GlobalSection(SolutionProperties) = preSolution
		HideSolutionNode = FALSE
	EndGlobalSection
	GlobalSection(ExtensibilityGlobals) = postSolution
		SolutionGuid = {135BA200-4D4F-46B8-B5D0-788BC4268527}
	EndGlobalSection
EndGlobal
